
Microsoft Visual Studio Solution File, Format Version 12.00
# Visual Studio 15
VisualStudioVersion = 15.0.28307.779
MinimumVisualStudioVersion = 10.0.40219.1
Project("{FAE04EC0-301F-11D3-BF4B-00C04F79EFBC}") = "StarwarsApp", "StarwarsApp\StarwarsApp.csproj", "{3E6C981D-B88C-4ADF-B08C-6C3C233FA51F}"
EndProject
Project("{FAE04EC0-301F-11D3-BF4B-00C04F79EFBC}") = "StarwarsApp.Core", "StarwarsApp.Core\StarwarsApp.Core.csproj", "{A494F762-8013-406F-9BBF-39EA04C50DC7}"
EndProject
Global
	GlobalSection(SolutionConfigurationPlatforms) = preSolution
		Debug|Any CPU = Debug|Any CPU
		Release|Any CPU = Release|Any CPU
	EndGlobalSection
	GlobalSection(ProjectConfigurationPlatforms) = postSolution
		{3E6C981D-B88C-4ADF-B08C-6C3C233FA51F}.Debug|Any CPU.ActiveCfg = Debug|Any CPU
		{3E6C981D-B88C-4ADF-B08C-6C3C233FA51F}.Debug|Any CPU.Build.0 = Debug|Any CPU
		{3E6C981D-B88C-4ADF-B08C-6C3C233FA51F}.Debug|Any CPU.Deploy.0 = Debug|Any CPU
		{3E6C981D-B88C-4ADF-B08C-6C3C233FA51F}.Release|Any CPU.ActiveCfg = Release|Any CPU
		{3E6C981D-B88C-4ADF-B08C-6C3C233FA51F}.Release|Any CPU.Build.0 = Release|Any CPU
		{3E6C981D-B88C-4ADF-B08C-6C3C233FA51F}.Release|Any CPU.Deploy.0 = Release|Any CPU
		{A494F762-8013-406F-9BBF-39EA04C50DC7}.Debug|Any CPU.ActiveCfg = Debug|Any CPU
		{A494F762-8013-406F-9BBF-39EA04C50DC7}.Debug|Any CPU.Build.0 = Debug|Any CPU
		{A494F762-8013-406F-9BBF-39EA04C50DC7}.Release|Any CPU.ActiveCfg = Release|Any CPU
		{A494F762-8013-406F-9BBF-39EA04C50DC7}.Release|Any CPU.Build.0 = Release|Any CPU
	EndGlobalSection
	GlobalSection(SolutionProperties) = preSolution
		HideSolutionNode = FALSE
	EndGlobalSection
	GlobalSection(ExtensibilityGlobals) = postSolution
		SolutionGuid = {FC80487D-6BE7-4FC4-89E2-4BC3FBF8995A}
	EndGlobalSection
EndGlobal
